
Microsoft Visual Studio Solution File, Format Version 12.00
# Visual Studio Version 16
VisualStudioVersion = 16.0.30611.23
MinimumVisualStudioVersion = 10.0.40219.1
Project("{FAE04EC0-301F-11D3-BF4B-00C04F79EFBC}") = "Ckl", "Ckl\Ckl.csproj", "{3CCC9F38-FD7D-46B0-8F16-50D3BC6AFD96}"
EndProject
Global
	GlobalSection(SolutionConfigurationPlatforms) = preSolution
		Debug|Any CPU = Debug|Any CPU
		Release|Any CPU = Release|Any CPU
	EndGlobalSection
	GlobalSection(ProjectConfigurationPlatforms) = postSolution
		{3CCC9F38-FD7D-46B0-8F16-50D3BC6AFD96}.Debug|Any CPU.ActiveCfg = Debug|Any CPU
		{3CCC9F38-FD7D-46B0-8F16-50D3BC6AFD96}.Debug|Any CPU.Build.0 = Debug|Any CPU
		{3CCC9F38-FD7D-46B0-8F16-50D3BC6AFD96}.Release|Any CPU.ActiveCfg = Release|Any CPU
		{3CCC9F38-FD7D-46B0-8F16-50D3BC6AFD96}.Release|Any CPU.Build.0 = Release|Any CPU
	EndGlobalSection
	GlobalSection(SolutionProperties) = preSolution
		HideSolutionNode = FALSE
	EndGlobalSection
	GlobalSection(ExtensibilityGlobals) = postSolution
		SolutionGuid = {D8A0CBF4-03B6-485D-9A0C-A1B45F4A9380}
	EndGlobalSection
EndGlobal
